
Microsoft Visual Studio Solution File, Format Version 12.00
# Visual Studio Version 17
VisualStudioVersion = 17.5.002.0
MinimumVisualStudioVersion = 10.0.40219.1
Project("{9A19103F-16F7-4668-BE54-9A1E7A4F7556}") = "Dom3_1", "Dom3_1.csproj", "{D1D1783B-E9CB-4031-B558-7B89EDBD2BBB}"
EndProject
Global
	GlobalSection(SolutionConfigurationPlatforms) = preSolution
		Debug|Any CPU = Debug|Any CPU
		Release|Any CPU = Release|Any CPU
	EndGlobalSection
	GlobalSection(ProjectConfigurationPlatforms) = postSolution
		{D1D1783B-E9CB-4031-B558-7B89EDBD2BBB}.Debug|Any CPU.ActiveCfg = Debug|Any CPU
		{D1D1783B-E9CB-4031-B558-7B89EDBD2BBB}.Debug|Any CPU.Build.0 = Debug|Any CPU
		{D1D1783B-E9CB-4031-B558-7B89EDBD2BBB}.Release|Any CPU.ActiveCfg = Release|Any CPU
		{D1D1783B-E9CB-4031-B558-7B89EDBD2BBB}.Release|Any CPU.Build.0 = Release|Any CPU
	EndGlobalSection
	GlobalSection(SolutionProperties) = preSolution
		HideSolutionNode = FALSE
	EndGlobalSection
	GlobalSection(ExtensibilityGlobals) = postSolution
		SolutionGuid = {2A103B43-DAA3-4710-B628-80B9E69FA35D}
	EndGlobalSection
EndGlobal
